<?xml version="1.0" encoding="utf-8"?>
<Project ToolsVersion="4.0" xmlns="http://schemas.microsoft.com/developer/msbuild/2003">
  <ItemGroup>
    <Filter Include="Source Files">
      <UniqueIdentifier>{4FC737F1-C7A5-4376-A066-2A32D752A2FF}</UniqueIdentifier>
      <Extensions>cpp;c;cc;cxx;def;odl;idl;hpj;bat;asm;asmx</Extensions>
    </Filter>
    <Filter Include="Header Files">
      <UniqueIdentifier>{93995380-89BD-4b04-88EB-625FBE52EBFB}</UniqueIdentifier>
      <Extensions>h;hpp;hxx;hm;inl;inc;xsd</Extensions>
    </Filter>
    <Filter Include="Resource Files">
      <UniqueIdentifier>{67DA6AB6-F800-4c08-8B7A-83BB121AAD01}</UniqueIdentifier>
      <Extensions>rc;ico;cur;bmp;dlg;rc2;rct;bin;rgs;gif;jpg;jpeg;jpe;resx;tiff;tif;png;wav;mfcribbon-ms</Extensions>
    </Filter>
  </ItemGroup>
  <ItemGroup>
    <ClInclude Include="Drawing Class.h">
      <Filter>Header Files</Filter>
    </ClInclude>
    <ClInclude Include="Letter Class.h">
      <Filter>Header Files</Filter>
    </ClInclude>
    <ClInclude Include="Letter D.h">
      <Filter>Header Files</Filter>
    </ClInclude>
    <ClInclude Include="Letter I.h">
      <Filter>Header Files</Filter>
    </ClInclude>
    <ClInclude Include="Letter J.h">
      <Filter>Header Files</Filter>
    </ClInclude>
    <ClInclude Include="Letter L.h">
      <Filter>Header Files</Filter>
    </ClInclude>
    <ClInclude Include="Letter M.h">
      <Filter>Header Files</Filter>
    </ClInclude>
    <ClInclude Include="Letter N.h">
      <Filter>Header Files</Filter>
    </ClInclude>
    <ClInclude Include="Letter O.h">
      <Filter>Header Files</Filter>
    </ClInclude>
    <ClInclude Include="Letter R.h">
      <Filter>Header Files</Filter>
    </ClInclude>
    <ClInclude Include="Letter T.h">
      <Filter>Header Files</Filter>
    </ClInclude>
    <ClInclude Include="TitleFrame.h">
      <Filter>Header Files</Filter>
    </ClInclude>
    <ClInclude Include="Body.h">
      <Filter>Header Files</Filter>
    </ClInclude>
    <ClInclude Include="Environment.h">
      <Filter>Header Files</Filter>
    </ClInclude>
    <ClInclude Include="Left front leg.h">
      <Filter>Header Files</Filter>
    </ClInclude>
    <ClInclude Include="Left hind leg.h">
      <Filter>Header Files</Filter>
    </ClInclude>
    <ClInclude Include="Lower left wing.h">
      <Filter>Header Files</Filter>
    </ClInclude>
    <ClInclude Include="Lower right wing.h">
      <Filter>Header Files</Filter>
    </ClInclude>
    <ClInclude Include="Right front leg.h">
      <Filter>Header Files</Filter>
    </ClInclude>
    <ClInclude Include="Right Hind leg.h">
      <Filter>Header Files</Filter>
    </ClInclude>
    <ClInclude Include="Tail.h">
      <Filter>Header Files</Filter>
    </ClInclude>
    <ClInclude Include="Luna.h">
      <Filter>Header Files</Filter>
    </ClInclude>
    <ClInclude Include="NeckHead.h">
      <Filter>Header Files</Filter>
    </ClInclude>
  </ItemGroup>
  <ItemGroup>
    <ClCompile Include="Princess Luna.cpp">
      <Filter>Source Files</Filter>
    </ClCompile>
  </ItemGroup>
</Project>